<?xml version="1.0" encoding="UTF-8" standalone="yes" ?>
<CodeBlocks_project_file>
	<FileVersion major="1" minor="6" />
	<Project>
		<Option title="cell" />
		<Option makefile="makefile" />
		<Option pch_mode="2" />
		<Option compiler="gcc" />
		<Option virtualFolders="addons\;src\;src\scene\;src\scene\visual\;src\kinect\;src\gui\;src\scene\camera\;src\scene\light\;src\scene\test\;src\scene\visual\tag\;addons\ofxSimpleGuiToo\;addons\ofxSimpleGuiToo\src\;addons\ofxXmlSettings\;addons\ofxXmlSettings\libs\;addons\ofxMSAInteractiveObject\;addons\ofxSimpleGuiToo\src\;addons\ofxSimpleGuiToo\src\Controls\;addons\ofxXmlSettings\src\;addons\ofxMSAInteractiveObject\src\;shaders\;src\resources\;src\resources\data\;src\scene\visual\user\;addons\ofxMSKinect\;addons\ofxMSKinect\src\;src\scene\visual\tag\field\;addons\ofxOsc\;addons\ofxOsc\libs\;addons\ofxOsc\src\;addons\ofxOsc\libs\oscpack\;addons\ofxOsc\libs\oscpack\include\;addons\ofxOsc\libs\oscpack\include\ip\;addons\ofxOsc\libs\oscpack\include\osc\;" />
		<Build>
			<Target title="release">
				<Option output="bin\$(PROJECT_NAME)" prefix_auto="1" extension_auto="1" />
				<Option working_dir="bin" />
				<Option object_output="obj\release" />
				<Option external_deps="..\..\..\libs\openFrameworksCompiled\lib\win_cb\openFrameworks.lib;" />
				<Option type="1" />
				<Option compiler="gcc" />
				<Option projectLinkerOptionsRelation="2" />
				<Compiler>
					<Add option="-O2" />
				</Compiler>
				<Linker>
					<Add option="-s" />
					<Add option="../../../libs/openFrameworksCompiled/lib/win_cb/openFrameworks.lib" />
					<Add library="C:\Program Files (x86)\Microsoft Research KinectSDK\lib\MSRKinectNUI.lib" />
				</Linker>
			</Target>
			<Target title="debug">
				<Option output="bin\$(PROJECT_NAME)_DEBUG" prefix_auto="1" extension_auto="1" />
				<Option working_dir="bin" />
				<Option object_output="obj\debug\" />
				<Option external_deps="..\..\..\libs\openFrameworksCompiled\lib\win_cb\openFrameworksDebug.lib;" />
				<Option type="1" />
				<Option compiler="gcc" />
				<Option projectLinkerOptionsRelation="2" />
				<Compiler>
					<Add option="-g" />
				</Compiler>
				<Linker>
					<Add option="../../../libs/openFrameworksCompiled/lib/win_cb/openFrameworksDebug.lib" />
					<Add library="C:\Program Files (x86)\Microsoft Research KinectSDK\lib\MSRKinectNUI.lib" />
					<Add directory="-Wl,--disable-auto-image-base" />
					<Add directory="-Wl,--export-all-symbols" />
					<Add directory="-Wl,--disable-runtime-pseudo-reloc" />
					<Add directory="-Wl,--disable-auto-import" />
				</Linker>
			</Target>
		</Build>
		<Compiler>
			<Add option="-Wno-multichar" />
			<Add directory="..\..\..\libs\glu\include" />
			<Add directory="..\..\..\libs\freetype\include" />
			<Add directory="..\..\..\libs\freetype\include\freetype2" />
			<Add directory="..\..\..\libs\FreeImage\include" />
			<Add directory="..\..\..\libs\quicktime\include" />
			<Add directory="..\..\..\libs\rtAudio\include" />
			<Add directory="..\..\..\libs\fmodex\include" />
			<Add directory="..\..\..\libs\videoInput\include" />
			<Add directory="..\..\..\libs\glew\include" />
			<Add directory="..\..\..\libs\glut\include" />
			<Add directory="..\..\..\libs\openFrameworks" />
			<Add directory="..\..\..\libs\openFrameworks\3d" />
			<Add directory="..\..\..\libs\openFrameworks\app" />
			<Add directory="..\..\..\libs\openFrameworks\communication" />
			<Add directory="..\..\..\libs\openFrameworks\events" />
			<Add directory="..\..\..\libs\openFrameworks\gl" />
			<Add directory="..\..\..\libs\openFrameworks\graphics" />
			<Add directory="..\..\..\libs\openFrameworks\math" />
			<Add directory="..\..\..\libs\openFrameworks\sound" />
			<Add directory="..\..\..\libs\openFrameworks\types" />
			<Add directory="..\..\..\libs\openFrameworks\utils" />
			<Add directory="..\..\..\libs\openFrameworks\video" />
			<Add directory="..\..\..\libs\poco\include" />
			<Add directory="..\..\..\libs\tess2\include" />
			<Add directory="..\..\..\libs\cairo\include\cairo" />
			<Add directory="..\..\..\addons\ofxSimpleGuiToo\src" />
			<Add directory="..\..\..\addons\ofxXmlSettings\libs" />
			<Add directory="..\..\..\addons\ofxMSAInteractiveObject\src" />
			<Add directory="..\..\..\addons\ofxSimpleGuiToo\src\Controls" />
			<Add directory="..\..\..\addons\ofxXmlSettings\src" />
			<Add directory="src" />
			<Add directory="src\gui" />
			<Add directory="src\kinect" />
			<Add directory="src\scene" />
			<Add directory="src\scene\test" />
			<Add directory="src\scene\visual" />
			<Add directory="src\scene\visual\tag" />
			<Add directory="src\scene\light" />
			<Add directory="src\scene\camera" />
			<Add directory="src\resources" />
			<Add directory="..\..z" />
			<Add directory="..\..\..\addons\ofxNoise\src" />
			<Add directory="src\resources\data" />
			<Add directory="src\scene\visual\user" />
			<Add directory="..\..\..\addons\ofxMSKinect\src" />
			<Add directory="C:\Program Files (x86)\Microsoft Research KinectSDK\lib" />
			<Add directory="C:\Program Files (x86)\Microsoft Research KinectSDK\inc" />
			<Add directory="src\scene\visual\tag\field" />
			<Add directory="..\..\..\addons\ofxNetwork\src" />
			<Add directory="..\..\..\addons\ofxOsc\src" />
			<Add directory="..\..\..\addons\ofxOsc\libs\oscpack\include\ip" />
			<Add directory="..\..\..\addons\ofxOsc\libs\oscpack\include\osc" />
			<Add directory="..\..\..\addons\ofxOsc\libs\oscpack\lib\win_cb" />
		</Compiler>
		<Linker>
			<Add option="../../../addons/ofxOsc/libs/oscpack/lib/win_cb/oscpack.a" />
			<Add library="..\..\..\libs\FreeImage\lib\win_cb\FreeImage.lib" />
			<Add library="..\..\..\libs\rtAudio\lib\win_cb\librtaudio.a" />
			<Add library="..\..\..\libs\quicktime\lib\win_cb\qtmlClient.lib" />
			<Add library="..\..\..\libs\cairo\lib\win_cb\libcairo.a" />
			<Add library="..\..\..\libs\cairo\lib\win_cb\libpixman-1.a" />
			<Add library="..\..\..\libs\freetype\lib\win_cb\libfreetype.a" />
			<Add library="..\..\..\libs\glut\lib\win_cb\libglut.a" />
			<Add library="..\..\..\libs\videoInput\lib\win_cb\videoInputLib.a" />
			<Add library="..\..\..\libs\fmodex\lib\win_cb\libfmodex.a" />
			<Add library="..\..\..\libs\glew\lib\win_cb\glew32s.lib" />
			<Add library="..\..\..\libs\glu\lib\win_cb\glu32.lib" />
			<Add library="..\..\..\libs\poco\lib\win_cb\libPocoNetmt.a" />
			<Add library="..\..\..\libs\poco\lib\win_cb\libPocoUtilmt.a" />
			<Add library="..\..\..\libs\poco\lib\win_cb\libPocoXMLmt.a" />
			<Add library="..\..\..\libs\poco\lib\win_cb\libPocoFoundationmt.a" />
			<Add library="..\..\..\libs\tess2\lib\win_cb\libtess2.a" />
			<Add library="opengl32" />
			<Add library="gdi32" />
			<Add library="msimg32" />
			<Add library="glu32" />
			<Add library="dsound" />
			<Add library="winmm" />
			<Add library="dxguid" />
			<Add library="strmbase" />
			<Add library="strmiids" />
			<Add library="z" />
			<Add library="uuid" />
			<Add library="ole32" />
			<Add library="oleaut32" />
			<Add library="setupapi" />
			<Add library="wsock32" />
			<Add library="ws2_32" />
			<Add library="Iphlpapi" />
		</Linker>
		<ExtraCommands>
			<Add after='xcopy /e /i /y &quot;$(PROJECT_DIR)..\..\..\export\win_cb\*.dll&quot;  &quot;$(PROJECT_DIR)bin&quot;' />
			<Add after='cmd /c if not exist &quot;$(PROJECT_DIR)bin/data&quot; mkdir &quot;$(PROJECT_DIR)bin/data&quot;' />
			<Mode after="always" />
		</ExtraCommands>
		<Unit filename="..\..\..\addons\ofxMSAInteractiveObject\src\ofxMSAInteractiveObject.cpp">
			<Option virtualFolder="addons\ofxMSAInteractiveObject\src\" />
		</Unit>
		<Unit filename="..\..\..\addons\ofxMSAInteractiveObject\src\ofxMSAInteractiveObject.h">
			<Option virtualFolder="addons\ofxMSAInteractiveObject\src\" />
		</Unit>
		<Unit filename="..\..\..\addons\ofxMSKinect\src\MS_NUI_Def.h">
			<Option virtualFolder="addons\ofxMSKinect\src\" />
		</Unit>
		<Unit filename="..\..\..\addons\ofxMSKinect\src\MS_NUI_Kinect_Interface.cpp">
			<Option virtualFolder="addons\ofxMSKinect\src\" />
		</Unit>
		<Unit filename="..\..\..\addons\ofxMSKinect\src\MS_NUI_Kinect_Interface.h">
			<Option virtualFolder="addons\ofxMSKinect\src\" />
		</Unit>
		<Unit filename="..\..\..\addons\ofxMSKinect\src\MS_NUI_Kinect_SkeletonEngine.cpp">
			<Option virtualFolder="addons\ofxMSKinect\src\" />
		</Unit>
		<Unit filename="..\..\..\addons\ofxMSKinect\src\MS_NUI_Kinect_SkeletonEngine.h">
			<Option virtualFolder="addons\ofxMSKinect\src\" />
		</Unit>
		<Unit filename="..\..\..\addons\ofxMSKinect\src\ofxMSKinect.cpp">
			<Option virtualFolder="addons\ofxMSKinect\src\" />
		</Unit>
		<Unit filename="..\..\..\addons\ofxMSKinect\src\ofxMSKinect.h">
			<Option virtualFolder="addons\ofxMSKinect\src\" />
		</Unit>
		<Unit filename="..\..\..\addons\ofxMSKinect\src\ofxMSKinectDevice.cpp">
			<Option virtualFolder="addons\ofxMSKinect\src\" />
		</Unit>
		<Unit filename="..\..\..\addons\ofxMSKinect\src\ofxMSKinectDevice.h">
			<Option virtualFolder="addons\ofxMSKinect\src\" />
		</Unit>
		<Unit filename="..\..\..\addons\ofxMSKinect\src\ofxMSKinectSkeleton.h">
			<Option virtualFolder="addons\ofxMSKinect\src\" />
		</Unit>
		<Unit filename="..\..\..\addons\ofxMSKinect\src\ofxMSSkeletonDraw.h">
			<Option virtualFolder="addons\ofxMSKinect\src\" />
		</Unit>
		<Unit filename="..\..\..\addons\ofxOsc\libs\oscpack\include\ip\IpEndpointName.h" />
		<Unit filename="..\..\..\addons\ofxOsc\libs\oscpack\include\ip\NetworkingUtils.h" />
		<Unit filename="..\..\..\addons\ofxOsc\libs\oscpack\include\ip\PacketListener.h" />
		<Unit filename="..\..\..\addons\ofxOsc\libs\oscpack\include\ip\TimerListener.h" />
		<Unit filename="..\..\..\addons\ofxOsc\libs\oscpack\include\ip\UdpSocket.h" />
		<Unit filename="..\..\..\addons\ofxOsc\libs\oscpack\include\osc\MessageMappingOscPacketListener.h" />
		<Unit filename="..\..\..\addons\ofxOsc\libs\oscpack\include\osc\OscException.h" />
		<Unit filename="..\..\..\addons\ofxOsc\libs\oscpack\include\osc\OscHostEndianness.h" />
		<Unit filename="..\..\..\addons\ofxOsc\libs\oscpack\include\osc\OscOutboundPacketStream.h" />
		<Unit filename="..\..\..\addons\ofxOsc\libs\oscpack\include\osc\OscPacketListener.h" />
		<Unit filename="..\..\..\addons\ofxOsc\libs\oscpack\include\osc\OscPrintReceivedElements.h" />
		<Unit filename="..\..\..\addons\ofxOsc\libs\oscpack\include\osc\OscReceivedElements.h" />
		<Unit filename="..\..\..\addons\ofxOsc\libs\oscpack\include\osc\OscTypes.h" />
		<Unit filename="..\..\..\addons\ofxOsc\src\ofxOsc.h" />
		<Unit filename="..\..\..\addons\ofxOsc\src\ofxOscArg.h" />
		<Unit filename="..\..\..\addons\ofxOsc\src\ofxOscBundle.cpp" />
		<Unit filename="..\..\..\addons\ofxOsc\src\ofxOscBundle.h" />
		<Unit filename="..\..\..\addons\ofxOsc\src\ofxOscMessage.cpp" />
		<Unit filename="..\..\..\addons\ofxOsc\src\ofxOscMessage.h" />
		<Unit filename="..\..\..\addons\ofxOsc\src\ofxOscReceiver.cpp" />
		<Unit filename="..\..\..\addons\ofxOsc\src\ofxOscReceiver.h" />
		<Unit filename="..\..\..\addons\ofxOsc\src\ofxOscSender.cpp" />
		<Unit filename="..\..\..\addons\ofxOsc\src\ofxOscSender.h" />
		<Unit filename="..\..\..\addons\ofxSimpleGuiToo\src\Controls\ofxSimpleGuiButton.cpp">
			<Option virtualFolder="addons\ofxSimpleGuiToo\src\Controls\" />
		</Unit>
		<Unit filename="..\..\..\addons\ofxSimpleGuiToo\src\Controls\ofxSimpleGuiButton.h">
			<Option virtualFolder="addons\ofxSimpleGuiToo\src\Controls\" />
		</Unit>
		<Unit filename="..\..\..\addons\ofxSimpleGuiToo\src\Controls\ofxSimpleGuiColorPicker.cpp">
			<Option virtualFolder="addons\ofxSimpleGuiToo\src\Controls\" />
		</Unit>
		<Unit filename="..\..\..\addons\ofxSimpleGuiToo\src\Controls\ofxSimpleGuiColorPicker.h">
			<Option virtualFolder="addons\ofxSimpleGuiToo\src\Controls\" />
		</Unit>
		<Unit filename="..\..\..\addons\ofxSimpleGuiToo\src\Controls\ofxSimpleGuiContent.cpp">
			<Option virtualFolder="addons\ofxSimpleGuiToo\src\Controls\" />
		</Unit>
		<Unit filename="..\..\..\addons\ofxSimpleGuiToo\src\Controls\ofxSimpleGuiContent.h">
			<Option virtualFolder="addons\ofxSimpleGuiToo\src\Controls\" />
		</Unit>
		<Unit filename="..\..\..\addons\ofxSimpleGuiToo\src\Controls\ofxSimpleGuiFPSCounter.cpp">
			<Option virtualFolder="addons\ofxSimpleGuiToo\src\Controls\" />
		</Unit>
		<Unit filename="..\..\..\addons\ofxSimpleGuiToo\src\Controls\ofxSimpleGuiFPSCounter.h">
			<Option virtualFolder="addons\ofxSimpleGuiToo\src\Controls\" />
		</Unit>
		<Unit filename="..\..\..\addons\ofxSimpleGuiToo\src\Controls\ofxSimpleGuiMovieSlider.cpp">
			<Option virtualFolder="addons\ofxSimpleGuiToo\src\Controls\" />
		</Unit>
		<Unit filename="..\..\..\addons\ofxSimpleGuiToo\src\Controls\ofxSimpleGuiMovieSlider.h">
			<Option virtualFolder="addons\ofxSimpleGuiToo\src\Controls\" />
		</Unit>
		<Unit filename="..\..\..\addons\ofxSimpleGuiToo\src\Controls\ofxSimpleGuiOption.cpp">
			<Option virtualFolder="addons\ofxSimpleGuiToo\src\Controls\" />
		</Unit>
		<Unit filename="..\..\..\addons\ofxSimpleGuiToo\src\Controls\ofxSimpleGuiOption.h">
			<Option virtualFolder="addons\ofxSimpleGuiToo\src\Controls\" />
		</Unit>
		<Unit filename="..\..\..\addons\ofxSimpleGuiToo\src\Controls\ofxSimpleGuiOptionGroup.cpp">
			<Option virtualFolder="addons\ofxSimpleGuiToo\src\Controls\" />
		</Unit>
		<Unit filename="..\..\..\addons\ofxSimpleGuiToo\src\Controls\ofxSimpleGuiOptionGroup.h">
			<Option virtualFolder="addons\ofxSimpleGuiToo\src\Controls\" />
		</Unit>
		<Unit filename="..\..\..\addons\ofxSimpleGuiToo\src\Controls\ofxSimpleGuiQuadWarp.cpp">
			<Option virtualFolder="addons\ofxSimpleGuiToo\src\Controls\" />
		</Unit>
		<Unit filename="..\..\..\addons\ofxSimpleGuiToo\src\Controls\ofxSimpleGuiQuadWarp.h">
			<Option virtualFolder="addons\ofxSimpleGuiToo\src\Controls\" />
		</Unit>
		<Unit filename="..\..\..\addons\ofxSimpleGuiToo\src\Controls\ofxSimpleGuiSlider2d.cpp">
			<Option virtualFolder="addons\ofxSimpleGuiToo\src\Controls\" />
		</Unit>
		<Unit filename="..\..\..\addons\ofxSimpleGuiToo\src\Controls\ofxSimpleGuiSlider2d.h">
			<Option virtualFolder="addons\ofxSimpleGuiToo\src\Controls\" />
		</Unit>
		<Unit filename="..\..\..\addons\ofxSimpleGuiToo\src\Controls\ofxSimpleGuiSliderBase.h">
			<Option virtualFolder="addons\ofxSimpleGuiToo\src\Controls\" />
		</Unit>
		<Unit filename="..\..\..\addons\ofxSimpleGuiToo\src\Controls\ofxSimpleGuiSliderFloat.h">
			<Option virtualFolder="addons\ofxSimpleGuiToo\src\Controls\" />
		</Unit>
		<Unit filename="..\..\..\addons\ofxSimpleGuiToo\src\Controls\ofxSimpleGuiSliderInt.h">
			<Option virtualFolder="addons\ofxSimpleGuiToo\src\Controls\" />
		</Unit>
		<Unit filename="..\..\..\addons\ofxSimpleGuiToo\src\Controls\ofxSimpleGuiTitle.cpp">
			<Option virtualFolder="addons\ofxSimpleGuiToo\src\Controls\" />
		</Unit>
		<Unit filename="..\..\..\addons\ofxSimpleGuiToo\src\Controls\ofxSimpleGuiTitle.h">
			<Option virtualFolder="addons\ofxSimpleGuiToo\src\Controls\" />
		</Unit>
		<Unit filename="..\..\..\addons\ofxSimpleGuiToo\src\Controls\ofxSimpleGuiToggle.cpp">
			<Option virtualFolder="addons\ofxSimpleGuiToo\src\Controls\" />
		</Unit>
		<Unit filename="..\..\..\addons\ofxSimpleGuiToo\src\Controls\ofxSimpleGuiToggle.h">
			<Option virtualFolder="addons\ofxSimpleGuiToo\src\Controls\" />
		</Unit>
		<Unit filename="..\..\..\addons\ofxSimpleGuiToo\src\ofxSimpleGuiConfig.cpp">
			<Option virtualFolder="addons\ofxSimpleGuiToo\src\" />
		</Unit>
		<Unit filename="..\..\..\addons\ofxSimpleGuiToo\src\ofxSimpleGuiConfig.h">
			<Option virtualFolder="addons\ofxSimpleGuiToo\src\" />
		</Unit>
		<Unit filename="..\..\..\addons\ofxSimpleGuiToo\src\ofxSimpleGuiControl.cpp">
			<Option virtualFolder="addons\ofxSimpleGuiToo\src\" />
		</Unit>
		<Unit filename="..\..\..\addons\ofxSimpleGuiToo\src\ofxSimpleGuiControl.h">
			<Option virtualFolder="addons\ofxSimpleGuiToo\src\" />
		</Unit>
		<Unit filename="..\..\..\addons\ofxSimpleGuiToo\src\ofxSimpleGuiIncludes.h">
			<Option virtualFolder="addons\ofxSimpleGuiToo\src\" />
		</Unit>
		<Unit filename="..\..\..\addons\ofxSimpleGuiToo\src\ofxSimpleGuiPage.cpp">
			<Option virtualFolder="addons\ofxSimpleGuiToo\src\" />
		</Unit>
		<Unit filename="..\..\..\addons\ofxSimpleGuiToo\src\ofxSimpleGuiPage.h">
			<Option virtualFolder="addons\ofxSimpleGuiToo\src\" />
		</Unit>
		<Unit filename="..\..\..\addons\ofxSimpleGuiToo\src\ofxSimpleGuiToo.cpp">
			<Option virtualFolder="addons\ofxSimpleGuiToo\src\" />
		</Unit>
		<Unit filename="..\..\..\addons\ofxSimpleGuiToo\src\ofxSimpleGuiToo.h">
			<Option virtualFolder="addons\ofxSimpleGuiToo\src\" />
		</Unit>
		<Unit filename="..\..\..\addons\ofxXmlSettings\libs\tinyxml.cpp">
			<Option virtualFolder="addons\ofxXmlSettings\libs\" />
		</Unit>
		<Unit filename="..\..\..\addons\ofxXmlSettings\libs\tinyxml.h">
			<Option virtualFolder="addons\ofxXmlSettings\libs\" />
		</Unit>
		<Unit filename="..\..\..\addons\ofxXmlSettings\libs\tinyxmlerror.cpp">
			<Option virtualFolder="addons\ofxXmlSettings\libs\" />
		</Unit>
		<Unit filename="..\..\..\addons\ofxXmlSettings\libs\tinyxmlparser.cpp">
			<Option virtualFolder="addons\ofxXmlSettings\libs\" />
		</Unit>
		<Unit filename="..\..\..\addons\ofxXmlSettings\src\ofxXmlSettings.cpp">
			<Option virtualFolder="addons\ofxXmlSettings\src\" />
		</Unit>
		<Unit filename="..\..\..\addons\ofxXmlSettings\src\ofxXmlSettings.h">
			<Option virtualFolder="addons\ofxXmlSettings\src\" />
		</Unit>
		<Unit filename="bin\data\shaders\TestShader.frag">
			<Option virtualFolder="shaders\" />
		</Unit>
		<Unit filename="bin\data\shaders\TestShader.vert">
			<Option virtualFolder="shaders\" />
		</Unit>
		<Unit filename="bin\data\shaders\myShader.frag">
			<Option virtualFolder="shaders\" />
		</Unit>
		<Unit filename="bin\data\shaders\myShader.vert">
			<Option virtualFolder="shaders\" />
		</Unit>
		<Unit filename="bin\data\shaders\myShaderReduced.frag">
			<Option virtualFolder="shaders\" />
		</Unit>
		<Unit filename="bin\data\shaders\myShaderReduced.vert">
			<Option virtualFolder="shaders\" />
		</Unit>
		<Unit filename="src\TestApp.cpp">
			<Option virtualFolder="src\" />
		</Unit>
		<Unit filename="src\TestApp.h">
			<Option virtualFolder="src\" />
		</Unit>
		<Unit filename="src\gui\MyGui.cpp">
			<Option virtualFolder="src\gui\" />
		</Unit>
		<Unit filename="src\gui\MyGui.h">
			<Option virtualFolder="src\gui\" />
		</Unit>
		<Unit filename="src\kinect\KinectManager.cpp">
			<Option virtualFolder="src\kinect\" />
		</Unit>
		<Unit filename="src\kinect\KinectManager.h">
			<Option virtualFolder="src\kinect\" />
		</Unit>
		<Unit filename="src\main.cpp">
			<Option virtualFolder="src" />
		</Unit>
		<Unit filename="src\resources\ResourceManager.cpp">
			<Option virtualFolder="src\resources\" />
		</Unit>
		<Unit filename="src\resources\ResourceManager.h">
			<Option virtualFolder="src\resources\" />
		</Unit>
		<Unit filename="src\resources\data\DemographicData.cpp">
			<Option virtualFolder="src\resources\data\" />
		</Unit>
		<Unit filename="src\resources\data\DemographicData.h">
			<Option virtualFolder="src\resources\data\" />
		</Unit>
		<Unit filename="src\resources\data\TagData.cpp">
			<Option virtualFolder="src\resources\data\" />
		</Unit>
		<Unit filename="src\resources\data\TagData.h">
			<Option virtualFolder="src\resources\data\" />
		</Unit>
		<Unit filename="src\scene\SceneManager.cpp">
			<Option virtualFolder="src\scene\" />
		</Unit>
		<Unit filename="src\scene\SceneManager.h">
			<Option virtualFolder="src\scene\" />
		</Unit>
		<Unit filename="src\scene\light\LightManager.cpp">
			<Option virtualFolder="src\scene\light\" />
		</Unit>
		<Unit filename="src\scene\light\LightManager.h">
			<Option virtualFolder="src\scene\light\" />
		</Unit>
		<Unit filename="src\scene\test\CameraDirectionNode.cpp">
			<Option virtualFolder="src\scene\test\" />
		</Unit>
		<Unit filename="src\scene\test\CameraDirectionNode.h">
			<Option virtualFolder="src\scene\test\" />
		</Unit>
		<Unit filename="src\scene\test\Grid.cpp">
			<Option virtualFolder="src\scene\test\" />
		</Unit>
		<Unit filename="src\scene\test\Grid.h">
			<Option virtualFolder="src\scene\test\" />
		</Unit>
		<Unit filename="src\scene\visual\tag\CloudTag.cpp">
			<Option virtualFolder="src\scene\visual\tag\" />
		</Unit>
		<Unit filename="src\scene\visual\tag\CloudTag.h">
			<Option virtualFolder="src\scene\visual\tag\" />
		</Unit>
		<Unit filename="src\scene\visual\tag\CloudTagManager.cpp">
			<Option virtualFolder="src\scene\visual\tag\" />
		</Unit>
		<Unit filename="src\scene\visual\tag\CloudTagManager.h">
			<Option virtualFolder="src\scene\visual\tag\" />
		</Unit>
		<Unit filename="src\scene\visual\tag\TagTexture.cpp">
			<Option virtualFolder="src\scene\visual\tag\" />
		</Unit>
		<Unit filename="src\scene\visual\tag\TagTexture.h">
			<Option virtualFolder="src\scene\visual\tag\" />
		</Unit>
		<Unit filename="src\scene\visual\tag\field\Field.cpp">
			<Option virtualFolder="src\scene\visual\tag\field\" />
		</Unit>
		<Unit filename="src\scene\visual\tag\field\Field.h">
			<Option virtualFolder="src\scene\visual\tag\field\" />
		</Unit>
		<Unit filename="src\scene\visual\tag\field\FieldAttract.cpp">
			<Option virtualFolder="src\scene\visual\tag\field\" />
		</Unit>
		<Unit filename="src\scene\visual\tag\field\FieldAttract.h">
			<Option virtualFolder="src\scene\visual\tag\field\" />
		</Unit>
		<Unit filename="src\scene\visual\tag\field\FieldColour.cpp">
			<Option virtualFolder="src\scene\visual\tag\field\" />
		</Unit>
		<Unit filename="src\scene\visual\tag\field\FieldColour.h">
			<Option virtualFolder="src\scene\visual\tag\field\" />
		</Unit>
		<Unit filename="src\scene\visual\tag\field\FieldEnergy.cpp">
			<Option virtualFolder="src\scene\visual\tag\field\" />
		</Unit>
		<Unit filename="src\scene\visual\tag\field\FieldEnergy.h">
			<Option virtualFolder="src\scene\visual\tag\field\" />
		</Unit>
		<Unit filename="src\scene\visual\tag\field\FieldHeightDown.cpp">
			<Option virtualFolder="src\scene\visual\tag\field\" />
		</Unit>
		<Unit filename="src\scene\visual\tag\field\FieldHeightDown.h">
			<Option virtualFolder="src\scene\visual\tag\field\" />
		</Unit>
		<Unit filename="src\scene\visual\tag\field\FieldHeightUp.cpp">
			<Option virtualFolder="src\scene\visual\tag\field\" />
		</Unit>
		<Unit filename="src\scene\visual\tag\field\FieldHeightUp.h">
			<Option virtualFolder="src\scene\visual\tag\field\" />
		</Unit>
		<Unit filename="src\scene\visual\tag\field\FieldManager.cpp">
			<Option virtualFolder="src\scene\visual\tag\field\" />
		</Unit>
		<Unit filename="src\scene\visual\tag\field\FieldManager.h">
			<Option virtualFolder="src\scene\visual\tag\field\" />
		</Unit>
		<Unit filename="src\scene\visual\tag\field\FieldRepel.cpp">
			<Option virtualFolder="src\scene\visual\tag\field\" />
		</Unit>
		<Unit filename="src\scene\visual\tag\field\FieldRepel.h">
			<Option virtualFolder="src\scene\visual\tag\field\" />
		</Unit>
		<Unit filename="src\scene\visual\tag\field\FieldScaleUp.cpp">
			<Option virtualFolder="src\scene\visual\tag\field\" />
		</Unit>
		<Unit filename="src\scene\visual\tag\field\FieldScaleUp.h">
			<Option virtualFolder="src\scene\visual\tag\field\" />
		</Unit>
		<Unit filename="src\scene\visual\user\User.cpp">
			<Option virtualFolder="src\scene\visual\user\" />
		</Unit>
		<Unit filename="src\scene\visual\user\User.h">
			<Option virtualFolder="src\scene\visual\user\" />
		</Unit>
		<Unit filename="src\scene\visual\user\UserManager.cpp">
			<Option virtualFolder="src\scene\visual\user\" />
		</Unit>
		<Unit filename="src\scene\visual\user\UserManager.h">
			<Option virtualFolder="src\scene\visual\user\" />
		</Unit>
		<Extensions>
			<code_completion />
			<debugger />
			<envvars />
		</Extensions>
	</Project>
</CodeBlocks_project_file>
